
Microsoft Visual Studio Solution File, Format Version 12.00
# Visual Studio 14
VisualStudioVersion = 14.0.25123.0
MinimumVisualStudioVersion = 10.0.40219.1
Project("{2150E333-8FDC-42A3-9474-1A3956D46DE8}") = "src", "src", "{8BD9B6F8-0024-42AD-AC29-361BA127AC2B}"
EndProject
Project("{2150E333-8FDC-42A3-9474-1A3956D46DE8}") = "Solution Items", "Solution Items", "{3CDA756C-AC84-4102-AE11-101FD6ED8D35}"
	ProjectSection(SolutionItems) = preProject
		global.json = global.json
	EndProjectSection
EndProject
Project("{8BB2217D-0F2D-49D1-97BC-3654ED321F3B}") = "AspNetCoreSPA.Web", "src\AspNetCoreSPA.Web\AspNetCoreSPA.Web.xproj", "{5A5ADF86-867A-49CE-B6E6-32722F0C9136}"
EndProject
Project("{8BB2217D-0F2D-49D1-97BC-3654ED321F3B}") = "AspNetCoreSPA.DataAccess", "src\AspNetCoreSPA.DataAccess\AspNetCoreSPA.DataAccess.xproj", "{36E32F6E-151A-4D66-AF47-C5D794FB0CBD}"
EndProject
Project("{8BB2217D-0F2D-49D1-97BC-3654ED321F3B}") = "AspNetCoreSPA.Common", "src\AspNetCoreSPA.Common\AspNetCoreSPA.Common.xproj", "{0FFF4E0D-AC4B-4909-BD7D-03248220BF34}"
EndProject
Project("{8BB2217D-0F2D-49D1-97BC-3654ED321F3B}") = "AspNetCoreSPA.Business", "src\AspNetCoreSPA.Business\AspNetCoreSPA.Business.xproj", "{ED518326-1F36-42AC-8FD2-EC3E39970662}"
EndProject
Project("{8BB2217D-0F2D-49D1-97BC-3654ED321F3B}") = "AspNetCoreSPA.Core", "src\AspNetCoreSPA.Core\AspNetCoreSPA.Core.xproj", "{D9DCB48B-C574-4CAE-ADA4-4898A2FA83F1}"
EndProject
Global
	GlobalSection(SolutionConfigurationPlatforms) = preSolution
		Debug|Any CPU = Debug|Any CPU
		Release|Any CPU = Release|Any CPU
	EndGlobalSection
	GlobalSection(ProjectConfigurationPlatforms) = postSolution
		{5A5ADF86-867A-49CE-B6E6-32722F0C9136}.Debug|Any CPU.ActiveCfg = Debug|Any CPU
		{5A5ADF86-867A-49CE-B6E6-32722F0C9136}.Debug|Any CPU.Build.0 = Debug|Any CPU
		{5A5ADF86-867A-49CE-B6E6-32722F0C9136}.Release|Any CPU.ActiveCfg = Release|Any CPU
		{5A5ADF86-867A-49CE-B6E6-32722F0C9136}.Release|Any CPU.Build.0 = Release|Any CPU
		{36E32F6E-151A-4D66-AF47-C5D794FB0CBD}.Debug|Any CPU.ActiveCfg = Debug|Any CPU
		{36E32F6E-151A-4D66-AF47-C5D794FB0CBD}.Debug|Any CPU.Build.0 = Debug|Any CPU
		{36E32F6E-151A-4D66-AF47-C5D794FB0CBD}.Release|Any CPU.ActiveCfg = Release|Any CPU
		{36E32F6E-151A-4D66-AF47-C5D794FB0CBD}.Release|Any CPU.Build.0 = Release|Any CPU
		{0FFF4E0D-AC4B-4909-BD7D-03248220BF34}.Debug|Any CPU.ActiveCfg = Debug|Any CPU
		{0FFF4E0D-AC4B-4909-BD7D-03248220BF34}.Debug|Any CPU.Build.0 = Debug|Any CPU
		{0FFF4E0D-AC4B-4909-BD7D-03248220BF34}.Release|Any CPU.ActiveCfg = Release|Any CPU
		{0FFF4E0D-AC4B-4909-BD7D-03248220BF34}.Release|Any CPU.Build.0 = Release|Any CPU
		{ED518326-1F36-42AC-8FD2-EC3E39970662}.Debug|Any CPU.ActiveCfg = Debug|Any CPU
		{ED518326-1F36-42AC-8FD2-EC3E39970662}.Debug|Any CPU.Build.0 = Debug|Any CPU
		{ED518326-1F36-42AC-8FD2-EC3E39970662}.Release|Any CPU.ActiveCfg = Release|Any CPU
		{ED518326-1F36-42AC-8FD2-EC3E39970662}.Release|Any CPU.Build.0 = Release|Any CPU
		{D9DCB48B-C574-4CAE-ADA4-4898A2FA83F1}.Debug|Any CPU.ActiveCfg = Debug|Any CPU
		{D9DCB48B-C574-4CAE-ADA4-4898A2FA83F1}.Debug|Any CPU.Build.0 = Debug|Any CPU
		{D9DCB48B-C574-4CAE-ADA4-4898A2FA83F1}.Release|Any CPU.ActiveCfg = Release|Any CPU
		{D9DCB48B-C574-4CAE-ADA4-4898A2FA83F1}.Release|Any CPU.Build.0 = Release|Any CPU
	EndGlobalSection
	GlobalSection(SolutionProperties) = preSolution
		HideSolutionNode = FALSE
	EndGlobalSection
	GlobalSection(NestedProjects) = preSolution
		{5A5ADF86-867A-49CE-B6E6-32722F0C9136} = {8BD9B6F8-0024-42AD-AC29-361BA127AC2B}
		{36E32F6E-151A-4D66-AF47-C5D794FB0CBD} = {8BD9B6F8-0024-42AD-AC29-361BA127AC2B}
		{0FFF4E0D-AC4B-4909-BD7D-03248220BF34} = {8BD9B6F8-0024-42AD-AC29-361BA127AC2B}
		{ED518326-1F36-42AC-8FD2-EC3E39970662} = {8BD9B6F8-0024-42AD-AC29-361BA127AC2B}
		{D9DCB48B-C574-4CAE-ADA4-4898A2FA83F1} = {8BD9B6F8-0024-42AD-AC29-361BA127AC2B}
	EndGlobalSection
EndGlobal
